{
  "projects": [
    {
      "projectId": "caTPwKxj5ZrD9LQ7DMdK4Z",
      "version": "3.16.0",
      "dependencies": {},
      "lang": "ts",
      "fileLocks": [
        {
          "assetId": "caTPwKxj5ZrD9LQ7DMdK4Z",
          "type": "projectCss",
          "checksum": "9fe64c4dd8439ba4d2df6de161f0ad40"
        }
      ],
      "codegenVersion": "0.0.1"
    },
    {
      "projectId": "58GpZjZCWTaJ8AUhpCwt2K",
      "version": "3.13.0",
      "dependencies": {},
      "lang": "ts",
      "fileLocks": [
        {
          "assetId": "58GpZjZCWTaJ8AUhpCwt2K",
          "type": "projectCss",
          "checksum": "fd84921cc10936e6ceb458c2ae01c4bd"
        }
      ],
      "codegenVersion": "0.0.1"
    },
    {
      "projectId": "enk3K4vZ6pmH6kVCoZJXGn",
      "version": "4.12.0",
      "dependencies": {},
      "lang": "ts",
      "fileLocks": [
        {
          "assetId": "enk3K4vZ6pmH6kVCoZJXGn",
          "type": "projectCss",
          "checksum": "46129a8140f7bf604dec903e19777f53"
        }
      ],
      "codegenVersion": "0.0.1"
    },
    {
      "projectId": "r3ASNrnyvLLLAtDvzUioQ",
      "version": "3.12.0",
      "dependencies": {},
      "lang": "ts",
      "fileLocks": [
        {
          "assetId": "r3ASNrnyvLLLAtDvzUioQ",
          "type": "projectCss",
          "checksum": "97ec772be5160e37b26814fd84fdccb9"
        }
      ],
      "codegenVersion": "0.0.1"
    },
    {
      "projectId": "ohDidvG9XsCeFumugENU3J",
      "version": "3.7.0",
      "dependencies": {},
      "lang": "ts",
      "fileLocks": [
        {
          "assetId": "ohDidvG9XsCeFumugENU3J",
          "type": "projectCss",
          "checksum": "93726672d70545e454fbe5134deec821"
        },
        {
          "assetId": "ohDidvG9XsCeFumugENU3J",
          "checksum": "cacbc90cce1ab4bf51a9eaf093ab89bd",
          "type": "globalContexts"
        }
      ],
      "codegenVersion": "0.0.1"
    },
    {
      "projectId": "neRJon4mvg761ap1WNmssZ",
      "version": "latest",
      "dependencies": {
        "ohDidvG9XsCeFumugENU3J": "3.7.0",
        "r3ASNrnyvLLLAtDvzUioQ": "3.12.0",
        "enk3K4vZ6pmH6kVCoZJXGn": "4.12.0",
        "58GpZjZCWTaJ8AUhpCwt2K": "3.13.0",
        "caTPwKxj5ZrD9LQ7DMdK4Z": "3.16.0"
      },
      "lang": "ts",
      "fileLocks": [
        {
          "type": "globalVariant",
          "assetId": "sihYH5ETgB_o_3",
          "checksum": "95a60431aaec54319443531f030e088e"
        },
        {
          "assetId": "neRJon4mvg761ap1WNmssZ",
          "checksum": "74197206fb60a3548e93b8008662ff36",
          "type": "globalContexts"
        },
        {
          "type": "renderModule",
          "assetId": "x2gLzZtPz2Veq",
          "checksum": "2055e953f95787b1ff27a67a8adb61e1"
        },
        {
          "type": "cssRules",
          "assetId": "x2gLzZtPz2Veq",
          "checksum": "2055e953f95787b1ff27a67a8adb61e1"
        },
        {
          "type": "renderModule",
          "assetId": "tlFSqouAJiG6l",
          "checksum": "ef76fdacab9b4bf72786e3253db23fc5"
        },
        {
          "type": "cssRules",
          "assetId": "tlFSqouAJiG6l",
          "checksum": "ef76fdacab9b4bf72786e3253db23fc5"
        },
        {
          "type": "renderModule",
          "assetId": "1Lkkk2bErHxE3",
          "checksum": "30fafb4173bafe5365e322c6274da5f5"
        },
        {
          "type": "cssRules",
          "assetId": "1Lkkk2bErHxE3",
          "checksum": "30fafb4173bafe5365e322c6274da5f5"
        },
        {
          "type": "renderModule",
          "assetId": "5c-bjdNt25XYd-",
          "checksum": "c82da4f0b94177b934e5592cda6d2948"
        },
        {
          "type": "cssRules",
          "assetId": "5c-bjdNt25XYd-",
          "checksum": "c82da4f0b94177b934e5592cda6d2948"
        },
        {
          "type": "renderModule",
          "assetId": "231qAapncVHcBJ",
          "checksum": "9a259aac55dd804b46f19be777b60252"
        },
        {
          "type": "cssRules",
          "assetId": "231qAapncVHcBJ",
          "checksum": "9a259aac55dd804b46f19be777b60252"
        },
        {
          "type": "renderModule",
          "assetId": "EK78pK-FoKOrlj",
          "checksum": "4b3dbfac30f1f07babc839ad7ec4420d"
        },
        {
          "type": "cssRules",
          "assetId": "EK78pK-FoKOrlj",
          "checksum": "4b3dbfac30f1f07babc839ad7ec4420d"
        },
        {
          "type": "renderModule",
          "assetId": "fkk9W-LekQhxsr",
          "checksum": "110afc0d2e7e2988dc3ad3ce055d657b"
        },
        {
          "type": "cssRules",
          "assetId": "fkk9W-LekQhxsr",
          "checksum": "110afc0d2e7e2988dc3ad3ce055d657b"
        },
        {
          "type": "renderModule",
          "assetId": "Mwp7tAAywR_0Ru",
          "checksum": "d00a567b13d2dc03044d4d05e6e66031"
        },
        {
          "type": "cssRules",
          "assetId": "Mwp7tAAywR_0Ru",
          "checksum": "d00a567b13d2dc03044d4d05e6e66031"
        },
        {
          "type": "renderModule",
          "assetId": "Y7EpI0F9GFL0Z-",
          "checksum": "0092156b7296e78f9f34a36eab90fb90"
        },
        {
          "type": "cssRules",
          "assetId": "Y7EpI0F9GFL0Z-",
          "checksum": "0092156b7296e78f9f34a36eab90fb90"
        },
        {
          "type": "renderModule",
          "assetId": "O_pcyI8SEMHQrj",
          "checksum": "ad32522289ea6df24a8faf86cb278c37"
        },
        {
          "type": "cssRules",
          "assetId": "O_pcyI8SEMHQrj",
          "checksum": "ad32522289ea6df24a8faf86cb278c37"
        },
        {
          "type": "renderModule",
          "assetId": "l_MAnuriOR8Fm8",
          "checksum": "d8bc27745a819169ec12954158c4ed26"
        },
        {
          "type": "cssRules",
          "assetId": "l_MAnuriOR8Fm8",
          "checksum": "d8bc27745a819169ec12954158c4ed26"
        },
        {
          "type": "renderModule",
          "assetId": "mnhMDu0qI-",
          "checksum": "c174c938dee246039409903a5e1c549f"
        },
        {
          "type": "cssRules",
          "assetId": "mnhMDu0qI-",
          "checksum": "c174c938dee246039409903a5e1c549f"
        },
        {
          "type": "icon",
          "assetId": "GIKhLHbK4iRgNo",
          "checksum": "479f32fa5b3793059ab6214d8cbefe15"
        },
        {
          "type": "icon",
          "assetId": "GCrlJJAXgUWYK5",
          "checksum": "01fdc0a87edf12ab081623f425e575e0"
        },
        {
          "type": "icon",
          "assetId": "H-Za2-58oP6d8l",
          "checksum": "a9b1c6b08525d99b196922725483670d"
        },
        {
          "type": "icon",
          "assetId": "LPhE7tXCtq-amR",
          "checksum": "41ced2adc0fb73731ef85a31bcc4a7ef"
        },
        {
          "type": "icon",
          "assetId": "dwzaBJIYxDFNmL",
          "checksum": "767f52bb20157b0222925491e03108ce"
        },
        {
          "type": "icon",
          "assetId": "agkLR1I2vZ_00P",
          "checksum": "3141742815a163c586110081a8245935"
        },
        {
          "type": "icon",
          "assetId": "JJhy32kSzNSmEa",
          "checksum": "ed08a4900c5b4f971e825742b72637aa"
        },
        {
          "type": "icon",
          "assetId": "yeO6V8nHqFYa7U",
          "checksum": "18c6710a2b9340dd6e9b00b7017643e8"
        },
        {
          "type": "icon",
          "assetId": "AFDHhBB0PAlRdO",
          "checksum": "b0f368f2035795019016e0a186369af4"
        },
        {
          "type": "icon",
          "assetId": "nwveJSMc8f",
          "checksum": "a84315e4a96acf94d4e769c1df6fdb42"
        },
        {
          "type": "icon",
          "assetId": "OYxIgRMyo",
          "checksum": "28684c2a811fab3e2c988bcb5ecb3c02"
        },
        {
          "type": "icon",
          "assetId": "b-njO8RqCo",
          "checksum": "0be94c65f13ee5299fce2b0ffe3e87b6"
        },
        {
          "type": "icon",
          "assetId": "dJ6-kdSBM4",
          "checksum": "f09bf4ee01339731f02a47f87ae30e61"
        },
        {
          "type": "icon",
          "assetId": "8W5AIRo2W",
          "checksum": "6a4f43376ee1827ce094fec432ac3c7b"
        },
        {
          "type": "icon",
          "assetId": "b1fleXSqXc",
          "checksum": "8e9e62ad88f2ee886fe632c2ad83bc0a"
        },
        {
          "type": "icon",
          "assetId": "DI1h8im0Lq",
          "checksum": "5a223d4a99daa38e2767dca8997b8d73"
        },
        {
          "type": "image",
          "assetId": "hy9WCs5oyrMyIU",
          "checksum": "b0cad3ca3940d44337f62bf26a2bf24f"
        },
        {
          "type": "image",
          "assetId": "F3IeZY0f_EY_WU",
          "checksum": "4d93cd1663840ceb5b7db5424c7c9609"
        },
        {
          "type": "image",
          "assetId": "C5z0bgKe2AtbBu",
          "checksum": "9b283b77112eafb786148a0bbd29c576"
        },
        {
          "type": "image",
          "assetId": "d6LeS94-BvDC48",
          "checksum": "3136606da69fc465f18f09a08f8916d7"
        },
        {
          "type": "image",
          "assetId": "qcUCeJzW2WVD2N",
          "checksum": "75ea8daf6a208540f90bf500d6c762bf"
        },
        {
          "type": "image",
          "assetId": "2ls8QL1S701HUo",
          "checksum": "33ea072f44d25b226c2b37f4d41b2ba5"
        },
        {
          "type": "image",
          "assetId": "91xh_VDLJT66tF",
          "checksum": "22e78f4631230094905fc151bf716714"
        },
        {
          "type": "image",
          "assetId": "zygEa2yHBVvf8L",
          "checksum": "7d3c3273a7974b3400a120a1bea5f6a2"
        },
        {
          "type": "image",
          "assetId": "dVYz8f7SFiveVQ",
          "checksum": "2dd6b1d3b4bcda79c79430c8a58c73aa"
        },
        {
          "assetId": "neRJon4mvg761ap1WNmssZ",
          "type": "projectCss",
          "checksum": "db7014df7d08f6df25bccb3397e37608"
        }
      ],
      "codegenVersion": "0.0.1"
    }
  ],
  "cliVersion": "0.1.257"
}
